
Microsoft Visual Studio Solution File, Format Version 12.00
# Visual Studio Version 17
VisualStudioVersion = 17.8.34511.84
MinimumVisualStudioVersion = 10.0.40219.1
Project("{FAE04EC0-301F-11D3-BF4B-00C04F79EFBC}") = "GoldenPet", "GoldenPet\GoldenPet.csproj", "{64A57845-8050-4858-9003-47310E6649AD}"
EndProject
Global
	GlobalSection(SolutionConfigurationPlatforms) = preSolution
		Debug|Any CPU = Debug|Any CPU
		Release|Any CPU = Release|Any CPU
	EndGlobalSection
	GlobalSection(ProjectConfigurationPlatforms) = postSolution
		{64A57845-8050-4858-9003-47310E6649AD}.Debug|Any CPU.ActiveCfg = Debug|Any CPU
		{64A57845-8050-4858-9003-47310E6649AD}.Debug|Any CPU.Build.0 = Debug|Any CPU
		{64A57845-8050-4858-9003-47310E6649AD}.Release|Any CPU.ActiveCfg = Release|Any CPU
		{64A57845-8050-4858-9003-47310E6649AD}.Release|Any CPU.Build.0 = Release|Any CPU
	EndGlobalSection
	GlobalSection(SolutionProperties) = preSolution
		HideSolutionNode = FALSE
	EndGlobalSection
	GlobalSection(ExtensibilityGlobals) = postSolution
		SolutionGuid = {0D17A0D9-0FCB-4791-8B7A-FF8795FC52AE}
	EndGlobalSection
EndGlobal
